lockfileVersion: '9.0'

settings:
  autoInstallPeers: true
  excludeLinksFromLockfile: false

importers:
  .:
    devDependencies:
      turbo:
        specifier: ^2.1.1
        version: 2.1.1
  apps/web:
    dependencies:
      next:
        specifier: 14.2.10
        version: 14.2.10
      react:
        specifier: 18.3.1
        version: 18.3.1
      react-dom:
        specifier: 18.3.1
        version: 18.3.1
    devDependencies:
      '@types/node':
        specifier: 22.5.0
        version: 22.5.0
      '@types/react':
        specifier: 18.3.5
        version: 18.3.5
      '@types/react-dom':
        specifier: 18.3.0
        version: 18.3.0
      eslint:
        specifier: 8.57.0
        version: 8.57.0
      eslint-config-next:
        specifier: 14.2.10
        version: 14.2.10
      typescript:
        specifier: 5.5.4
        version: 5.5.4
      vitest:
        specifier: 2.0.5
        version: 2.0.5

packages: {}
